
Microsoft Visual Studio Solution File, Format Version 12.00
# Visual Studio Version 17
VisualStudioVersion = 17.11.35312.102
MinimumVisualStudioVersion = 10.0.40219.1
Project("{9A19103F-16F7-4668-BE54-9A1E7A4F7556}") = "Disaheim", "Disaheim\Disaheim.csproj", "{BA0D1CB1-47EA-4B9A-8172-93017A09CB29}"
EndProject
Project("{FAE04EC0-301F-11D3-BF4B-00C04F79EFBC}") = "DisaheimTest", "DisaheimTest\DisaheimTest.csproj", "{1643A471-39F2-4FD2-BA8A-646633868165}"
EndProject
Global
	GlobalSection(SolutionConfigurationPlatforms) = preSolution
		Debug|Any CPU = Debug|Any CPU
		Release|Any CPU = Release|Any CPU
	EndGlobalSection
	GlobalSection(ProjectConfigurationPlatforms) = postSolution
		{BA0D1CB1-47EA-4B9A-8172-93017A09CB29}.Debug|Any CPU.ActiveCfg = Debug|Any CPU
		{BA0D1CB1-47EA-4B9A-8172-93017A09CB29}.Debug|Any CPU.Build.0 = Debug|Any CPU
		{BA0D1CB1-47EA-4B9A-8172-93017A09CB29}.Release|Any CPU.ActiveCfg = Release|Any CPU
		{BA0D1CB1-47EA-4B9A-8172-93017A09CB29}.Release|Any CPU.Build.0 = Release|Any CPU
		{1643A471-39F2-4FD2-BA8A-646633868165}.Debug|Any CPU.ActiveCfg = Debug|Any CPU
		{1643A471-39F2-4FD2-BA8A-646633868165}.Debug|Any CPU.Build.0 = Debug|Any CPU
		{1643A471-39F2-4FD2-BA8A-646633868165}.Release|Any CPU.ActiveCfg = Release|Any CPU
		{1643A471-39F2-4FD2-BA8A-646633868165}.Release|Any CPU.Build.0 = Release|Any CPU
	EndGlobalSection
	GlobalSection(SolutionProperties) = preSolution
		HideSolutionNode = FALSE
	EndGlobalSection
	GlobalSection(ExtensibilityGlobals) = postSolution
		SolutionGuid = {F9C133E6-E73C-4DB1-B9FC-77CE10D120CD}
	EndGlobalSection
EndGlobal
